
Microsoft Visual Studio Solution File, Format Version 12.00
# Visual Studio 15
VisualStudioVersion = 15.0.28307.539
MinimumVisualStudioVersion = 10.0.40219.1
Project("{FAE04EC0-301F-11D3-BF4B-00C04F79EFBC}") = "CarInsuranceProject", "CarInsuranceProject\CarInsuranceProject.csproj", "{9E01257E-AA8D-428E-8D30-683BBE9E934B}"
EndProject
Global
	GlobalSection(SolutionConfigurationPlatforms) = preSolution
		Debug|Any CPU = Debug|Any CPU
		Release|Any CPU = Release|Any CPU
	EndGlobalSection
	GlobalSection(ProjectConfigurationPlatforms) = postSolution
		{9E01257E-AA8D-428E-8D30-683BBE9E934B}.Debug|Any CPU.ActiveCfg = Debug|Any CPU
		{9E01257E-AA8D-428E-8D30-683BBE9E934B}.Debug|Any CPU.Build.0 = Debug|Any CPU
		{9E01257E-AA8D-428E-8D30-683BBE9E934B}.Release|Any CPU.ActiveCfg = Release|Any CPU
		{9E01257E-AA8D-428E-8D30-683BBE9E934B}.Release|Any CPU.Build.0 = Release|Any CPU
	EndGlobalSection
	GlobalSection(SolutionProperties) = preSolution
		HideSolutionNode = FALSE
	EndGlobalSection
	GlobalSection(ExtensibilityGlobals) = postSolution
		SolutionGuid = {621EED53-BAD8-4CB9-8DEB-C186B7CFF5AD}
	EndGlobalSection
EndGlobal
