
Microsoft Visual Studio Solution File, Format Version 12.00
# Visual Studio 15
VisualStudioVersion = 15.0.28307.539
MinimumVisualStudioVersion = 10.0.40219.1
Project("{FAE04EC0-301F-11D3-BF4B-00C04F79EFBC}") = "TwentyOneGame", "TwentyOneGame\TwentyOneGame.csproj", "{80B0B5AD-DFCB-4730-BFB7-CBEF01C03797}"
EndProject
Project("{FAE04EC0-301F-11D3-BF4B-00C04F79EFBC}") = "Casino", "Casino\Casino.csproj", "{FEE16882-963A-44CE-B5B5-5668D173819B}"
EndProject
Project("{FAE04EC0-301F-11D3-BF4B-00C04F79EFBC}") = "FeaturesDrill", "FeaturesDrill\FeaturesDrill.csproj", "{91DEE61D-D33B-42A1-9094-F2D5CC4D38D3}"
EndProject
Global
	GlobalSection(SolutionConfigurationPlatforms) = preSolution
		Debug|Any CPU = Debug|Any CPU
		Release|Any CPU = Release|Any CPU
	EndGlobalSection
	GlobalSection(ProjectConfigurationPlatforms) = postSolution
		{80B0B5AD-DFCB-4730-BFB7-CBEF01C03797}.Debug|Any CPU.ActiveCfg = Debug|Any CPU
		{80B0B5AD-DFCB-4730-BFB7-CBEF01C03797}.Debug|Any CPU.Build.0 = Debug|Any CPU
		{80B0B5AD-DFCB-4730-BFB7-CBEF01C03797}.Release|Any CPU.ActiveCfg = Release|Any CPU
		{80B0B5AD-DFCB-4730-BFB7-CBEF01C03797}.Release|Any CPU.Build.0 = Release|Any CPU
		{FEE16882-963A-44CE-B5B5-5668D173819B}.Debug|Any CPU.ActiveCfg = Debug|Any CPU
		{FEE16882-963A-44CE-B5B5-5668D173819B}.Debug|Any CPU.Build.0 = Debug|Any CPU
		{FEE16882-963A-44CE-B5B5-5668D173819B}.Release|Any CPU.ActiveCfg = Release|Any CPU
		{FEE16882-963A-44CE-B5B5-5668D173819B}.Release|Any CPU.Build.0 = Release|Any CPU
		{91DEE61D-D33B-42A1-9094-F2D5CC4D38D3}.Debug|Any CPU.ActiveCfg = Debug|Any CPU
		{91DEE61D-D33B-42A1-9094-F2D5CC4D38D3}.Debug|Any CPU.Build.0 = Debug|Any CPU
		{91DEE61D-D33B-42A1-9094-F2D5CC4D38D3}.Release|Any CPU.ActiveCfg = Release|Any CPU
		{91DEE61D-D33B-42A1-9094-F2D5CC4D38D3}.Release|Any CPU.Build.0 = Release|Any CPU
	EndGlobalSection
	GlobalSection(SolutionProperties) = preSolution
		HideSolutionNode = FALSE
	EndGlobalSection
	GlobalSection(ExtensibilityGlobals) = postSolution
		SolutionGuid = {231E4E3B-910D-419A-A626-D21B90713B90}
	EndGlobalSection
EndGlobal
