
Microsoft Visual Studio Solution File, Format Version 12.00
# Visual Studio 15
VisualStudioVersion = 15.0.28307.539
MinimumVisualStudioVersion = 10.0.40219.1
Project("{FAE04EC0-301F-11D3-BF4B-00C04F79EFBC}") = "TwentyOneGame", "TwentyOneGame\TwentyOneGame.csproj", "{80B0B5AD-DFCB-4730-BFB7-CBEF01C03797}"
EndProject
Project("{FAE04EC0-301F-11D3-BF4B-00C04F79EFBC}") = "ClassDrill", "..\..\Tech-Academy-Basic-C-Sharp-Projects\ClassDrill\ClassDrill.csproj", "{54E6EBA4-1F5F-4D25-A390-A5EE8A65D2F1}"
EndProject
Global
	GlobalSection(SolutionConfigurationPlatforms) = preSolution
		Debug|Any CPU = Debug|Any CPU
		Release|Any CPU = Release|Any CPU
	EndGlobalSection
	GlobalSection(ProjectConfigurationPlatforms) = postSolution
		{80B0B5AD-DFCB-4730-BFB7-CBEF01C03797}.Debug|Any CPU.ActiveCfg = Debug|Any CPU
		{80B0B5AD-DFCB-4730-BFB7-CBEF01C03797}.Debug|Any CPU.Build.0 = Debug|Any CPU
		{80B0B5AD-DFCB-4730-BFB7-CBEF01C03797}.Release|Any CPU.ActiveCfg = Release|Any CPU
		{80B0B5AD-DFCB-4730-BFB7-CBEF01C03797}.Release|Any CPU.Build.0 = Release|Any CPU
		{54E6EBA4-1F5F-4D25-A390-A5EE8A65D2F1}.Debug|Any CPU.ActiveCfg = Debug|Any CPU
		{54E6EBA4-1F5F-4D25-A390-A5EE8A65D2F1}.Debug|Any CPU.Build.0 = Debug|Any CPU
		{54E6EBA4-1F5F-4D25-A390-A5EE8A65D2F1}.Release|Any CPU.ActiveCfg = Release|Any CPU
		{54E6EBA4-1F5F-4D25-A390-A5EE8A65D2F1}.Release|Any CPU.Build.0 = Release|Any CPU
	EndGlobalSection
	GlobalSection(SolutionProperties) = preSolution
		HideSolutionNode = FALSE
	EndGlobalSection
	GlobalSection(ExtensibilityGlobals) = postSolution
		SolutionGuid = {0902A4DD-C6CA-4B14-AA33-9C16CA6D4D00}
	EndGlobalSection
EndGlobal
